
Microsoft Visual Studio Solution File, Format Version 12.00
# Visual Studio Version 17
VisualStudioVersion = 17.5.33516.290
MinimumVisualStudioVersion = 10.0.40219.1
Project("{9A19103F-16F7-4668-BE54-9A1E7A4F7556}") = "TimeAndTimePeriod", "TimeAndTimePeriod\TimeAndTimePeriod.csproj", "{2AF76E76-9CF4-4C2E-BBEC-E2FEC13B5718}"
EndProject
Project("{FAE04EC0-301F-11D3-BF4B-00C04F79EFBC}") = "TimeAndTimePeriodUnitTests", "TimeAndTimePeriodUnitTests\TimeAndTimePeriodUnitTests.csproj", "{DBAA7157-4298-4E62-BFAF-EFC61DB85407}"
EndProject
Global
	GlobalSection(SolutionConfigurationPlatforms) = preSolution
		Debug|Any CPU = Debug|Any CPU
		Release|Any CPU = Release|Any CPU
	EndGlobalSection
	GlobalSection(ProjectConfigurationPlatforms) = postSolution
		{2AF76E76-9CF4-4C2E-BBEC-E2FEC13B5718}.Debug|Any CPU.ActiveCfg = Debug|Any CPU
		{2AF76E76-9CF4-4C2E-BBEC-E2FEC13B5718}.Debug|Any CPU.Build.0 = Debug|Any CPU
		{2AF76E76-9CF4-4C2E-BBEC-E2FEC13B5718}.Release|Any CPU.ActiveCfg = Release|Any CPU
		{2AF76E76-9CF4-4C2E-BBEC-E2FEC13B5718}.Release|Any CPU.Build.0 = Release|Any CPU
		{DBAA7157-4298-4E62-BFAF-EFC61DB85407}.Debug|Any CPU.ActiveCfg = Debug|Any CPU
		{DBAA7157-4298-4E62-BFAF-EFC61DB85407}.Debug|Any CPU.Build.0 = Debug|Any CPU
		{DBAA7157-4298-4E62-BFAF-EFC61DB85407}.Release|Any CPU.ActiveCfg = Release|Any CPU
		{DBAA7157-4298-4E62-BFAF-EFC61DB85407}.Release|Any CPU.Build.0 = Release|Any CPU
	EndGlobalSection
	GlobalSection(SolutionProperties) = preSolution
		HideSolutionNode = FALSE
	EndGlobalSection
	GlobalSection(ExtensibilityGlobals) = postSolution
		SolutionGuid = {80B3004B-4F92-4479-9A87-C6652B552CC7}
	EndGlobalSection
EndGlobal
